
Microsoft Visual Studio Solution File, Format Version 12.00
# Visual Studio Version 17
VisualStudioVersion = 17.3.32929.385
MinimumVisualStudioVersion = 10.0.40219.1
Project("{FAE04EC0-301F-11D3-BF4B-00C04F79EFBC}") = "ExtraTask_1", "ExtraTask_1.csproj", "{1F60AE23-F5F4-40BF-8CD3-E9A1F3F6CFCC}"
EndProject
Global
	GlobalSection(SolutionConfigurationPlatforms) = preSolution
		Debug|Any CPU = Debug|Any CPU
		Release|Any CPU = Release|Any CPU
	EndGlobalSection
	GlobalSection(ProjectConfigurationPlatforms) = postSolution
		{1F60AE23-F5F4-40BF-8CD3-E9A1F3F6CFCC}.Debug|Any CPU.ActiveCfg = Debug|Any CPU
		{1F60AE23-F5F4-40BF-8CD3-E9A1F3F6CFCC}.Debug|Any CPU.Build.0 = Debug|Any CPU
		{1F60AE23-F5F4-40BF-8CD3-E9A1F3F6CFCC}.Release|Any CPU.ActiveCfg = Release|Any CPU
		{1F60AE23-F5F4-40BF-8CD3-E9A1F3F6CFCC}.Release|Any CPU.Build.0 = Release|Any CPU
	EndGlobalSection
	GlobalSection(SolutionProperties) = preSolution
		HideSolutionNode = FALSE
	EndGlobalSection
	GlobalSection(ExtensibilityGlobals) = postSolution
		SolutionGuid = {28C4CA2D-3EB4-4AFC-9977-F465CC58B781}
	EndGlobalSection
EndGlobal
